
Microsoft Visual Studio Solution File, Format Version 12.00
# Visual Studio Version 17
VisualStudioVersion = 17.2.32519.379
MinimumVisualStudioVersion = 10.0.40219.1
Project("{9A19103F-16F7-4668-BE54-9A1E7A4F7556}") = "Hash", "Hash.csproj", "{95888C62-CBC2-46EE-8F73-5C4D696929AB}"
EndProject
Global
	GlobalSection(SolutionConfigurationPlatforms) = preSolution
		Debug|Any CPU = Debug|Any CPU
		Release|Any CPU = Release|Any CPU
	EndGlobalSection
	GlobalSection(ProjectConfigurationPlatforms) = postSolution
		{95888C62-CBC2-46EE-8F73-5C4D696929AB}.Debug|Any CPU.ActiveCfg = Debug|Any CPU
		{95888C62-CBC2-46EE-8F73-5C4D696929AB}.Debug|Any CPU.Build.0 = Debug|Any CPU
		{95888C62-CBC2-46EE-8F73-5C4D696929AB}.Release|Any CPU.ActiveCfg = Release|Any CPU
		{95888C62-CBC2-46EE-8F73-5C4D696929AB}.Release|Any CPU.Build.0 = Release|Any CPU
	EndGlobalSection
	GlobalSection(SolutionProperties) = preSolution
		HideSolutionNode = FALSE
	EndGlobalSection
	GlobalSection(ExtensibilityGlobals) = postSolution
		SolutionGuid = {FF3C951E-6156-40FC-B9BC-A05660A4C1BB}
	EndGlobalSection
EndGlobal
